
Microsoft Visual Studio Solution File, Format Version 12.00
# Visual Studio Version 16
VisualStudioVersion = 16.0.30907.101
MinimumVisualStudioVersion = 10.0.40219.1
Project("{FAE04EC0-301F-11D3-BF4B-00C04F79EFBC}") = "LoginForm.Android", "LoginForm\LoginForm.Android\LoginForm.Android.csproj", "{104183C3-4FFB-4CAF-ABCE-9E6383AA4A46}"
EndProject
Project("{FAE04EC0-301F-11D3-BF4B-00C04F79EFBC}") = "LoginForm.iOS", "LoginForm\LoginForm.iOS\LoginForm.iOS.csproj", "{9E874E84-FA50-49CC-B9AA-6EA14C3934B7}"
EndProject
Project("{FAE04EC0-301F-11D3-BF4B-00C04F79EFBC}") = "LoginForm", "LoginForm\LoginForm\LoginForm.csproj", "{B1887F71-7576-4D5A-900B-A45CE4FA0E45}"
EndProject
Global
	GlobalSection(SolutionConfigurationPlatforms) = preSolution
		Debug|Any CPU = Debug|Any CPU
		Debug|iPhone = Debug|iPhone
		Debug|iPhoneSimulator = Debug|iPhoneSimulator
		Release|Any CPU = Release|Any CPU
		Release|iPhone = Release|iPhone
		Release|iPhoneSimulator = Release|iPhoneSimulator
	EndGlobalSection
	GlobalSection(ProjectConfigurationPlatforms) = postSolution
		{104183C3-4FFB-4CAF-ABCE-9E6383AA4A46}.Debug|Any CPU.ActiveCfg = Debug|Any CPU
		{104183C3-4FFB-4CAF-ABCE-9E6383AA4A46}.Debug|Any CPU.Build.0 = Debug|Any CPU
		{104183C3-4FFB-4CAF-ABCE-9E6383AA4A46}.Debug|Any CPU.Deploy.0 = Debug|Any CPU
		{104183C3-4FFB-4CAF-ABCE-9E6383AA4A46}.Debug|iPhone.ActiveCfg = Debug|Any CPU
		{104183C3-4FFB-4CAF-ABCE-9E6383AA4A46}.Debug|iPhone.Build.0 = Debug|Any CPU
		{104183C3-4FFB-4CAF-ABCE-9E6383AA4A46}.Debug|iPhone.Deploy.0 = Debug|Any CPU
		{104183C3-4FFB-4CAF-ABCE-9E6383AA4A46}.Debug|iPhoneSimulator.ActiveCfg = Debug|Any CPU
		{104183C3-4FFB-4CAF-ABCE-9E6383AA4A46}.Debug|iPhoneSimulator.Build.0 = Debug|Any CPU
		{104183C3-4FFB-4CAF-ABCE-9E6383AA4A46}.Debug|iPhoneSimulator.Deploy.0 = Debug|Any CPU
		{104183C3-4FFB-4CAF-ABCE-9E6383AA4A46}.Release|Any CPU.ActiveCfg = Release|Any CPU
		{104183C3-4FFB-4CAF-ABCE-9E6383AA4A46}.Release|Any CPU.Build.0 = Release|Any CPU
		{104183C3-4FFB-4CAF-ABCE-9E6383AA4A46}.Release|Any CPU.Deploy.0 = Release|Any CPU
		{104183C3-4FFB-4CAF-ABCE-9E6383AA4A46}.Release|iPhone.ActiveCfg = Release|Any CPU
		{104183C3-4FFB-4CAF-ABCE-9E6383AA4A46}.Release|iPhone.Build.0 = Release|Any CPU
		{104183C3-4FFB-4CAF-ABCE-9E6383AA4A46}.Release|iPhone.Deploy.0 = Release|Any CPU
		{104183C3-4FFB-4CAF-ABCE-9E6383AA4A46}.Release|iPhoneSimulator.ActiveCfg = Release|Any CPU
		{104183C3-4FFB-4CAF-ABCE-9E6383AA4A46}.Release|iPhoneSimulator.Build.0 = Release|Any CPU
		{104183C3-4FFB-4CAF-ABCE-9E6383AA4A46}.Release|iPhoneSimulator.Deploy.0 = Release|Any CPU
		{9E874E84-FA50-49CC-B9AA-6EA14C3934B7}.Debug|Any CPU.ActiveCfg = Debug|iPhone
		{9E874E84-FA50-49CC-B9AA-6EA14C3934B7}.Debug|Any CPU.Build.0 = Debug|iPhone
		{9E874E84-FA50-49CC-B9AA-6EA14C3934B7}.Debug|Any CPU.Deploy.0 = Debug|iPhone
		{9E874E84-FA50-49CC-B9AA-6EA14C3934B7}.Debug|iPhone.ActiveCfg = Debug|iPhone
		{9E874E84-FA50-49CC-B9AA-6EA14C3934B7}.Debug|iPhone.Build.0 = Debug|iPhone
		{9E874E84-FA50-49CC-B9AA-6EA14C3934B7}.Debug|iPhone.Deploy.0 = Debug|iPhone
		{9E874E84-FA50-49CC-B9AA-6EA14C3934B7}.Debug|iPhoneSimulator.ActiveCfg = Debug|iPhoneSimulator
		{9E874E84-FA50-49CC-B9AA-6EA14C3934B7}.Debug|iPhoneSimulator.Build.0 = Debug|iPhoneSimulator
		{9E874E84-FA50-49CC-B9AA-6EA14C3934B7}.Debug|iPhoneSimulator.Deploy.0 = Debug|iPhoneSimulator
		{9E874E84-FA50-49CC-B9AA-6EA14C3934B7}.Release|Any CPU.ActiveCfg = Release|iPhoneSimulator
		{9E874E84-FA50-49CC-B9AA-6EA14C3934B7}.Release|Any CPU.Build.0 = Release|iPhoneSimulator
		{9E874E84-FA50-49CC-B9AA-6EA14C3934B7}.Release|Any CPU.Deploy.0 = Release|iPhoneSimulator
		{9E874E84-FA50-49CC-B9AA-6EA14C3934B7}.Release|iPhone.ActiveCfg = Release|iPhone
		{9E874E84-FA50-49CC-B9AA-6EA14C3934B7}.Release|iPhone.Build.0 = Release|iPhone
		{9E874E84-FA50-49CC-B9AA-6EA14C3934B7}.Release|iPhone.Deploy.0 = Release|iPhone
		{9E874E84-FA50-49CC-B9AA-6EA14C3934B7}.Release|iPhoneSimulator.ActiveCfg = Release|iPhoneSimulator
		{9E874E84-FA50-49CC-B9AA-6EA14C3934B7}.Release|iPhoneSimulator.Build.0 = Release|iPhoneSimulator
		{9E874E84-FA50-49CC-B9AA-6EA14C3934B7}.Release|iPhoneSimulator.Deploy.0 = Release|iPhoneSimulator
		{B1887F71-7576-4D5A-900B-A45CE4FA0E45}.Debug|Any CPU.ActiveCfg = Debug|Any CPU
		{B1887F71-7576-4D5A-900B-A45CE4FA0E45}.Debug|Any CPU.Build.0 = Debug|Any CPU
		{B1887F71-7576-4D5A-900B-A45CE4FA0E45}.Debug|Any CPU.Deploy.0 = Debug|Any CPU
		{B1887F71-7576-4D5A-900B-A45CE4FA0E45}.Debug|iPhone.ActiveCfg = Debug|Any CPU
		{B1887F71-7576-4D5A-900B-A45CE4FA0E45}.Debug|iPhone.Build.0 = Debug|Any CPU
		{B1887F71-7576-4D5A-900B-A45CE4FA0E45}.Debug|iPhone.Deploy.0 = Debug|Any CPU
		{B1887F71-7576-4D5A-900B-A45CE4FA0E45}.Debug|iPhoneSimulator.ActiveCfg = Debug|Any CPU
		{B1887F71-7576-4D5A-900B-A45CE4FA0E45}.Debug|iPhoneSimulator.Build.0 = Debug|Any CPU
		{B1887F71-7576-4D5A-900B-A45CE4FA0E45}.Debug|iPhoneSimulator.Deploy.0 = Debug|Any CPU
		{B1887F71-7576-4D5A-900B-A45CE4FA0E45}.Release|Any CPU.ActiveCfg = Release|Any CPU
		{B1887F71-7576-4D5A-900B-A45CE4FA0E45}.Release|Any CPU.Build.0 = Release|Any CPU
		{B1887F71-7576-4D5A-900B-A45CE4FA0E45}.Release|Any CPU.Deploy.0 = Release|Any CPU
		{B1887F71-7576-4D5A-900B-A45CE4FA0E45}.Release|iPhone.ActiveCfg = Release|Any CPU
		{B1887F71-7576-4D5A-900B-A45CE4FA0E45}.Release|iPhone.Build.0 = Release|Any CPU
		{B1887F71-7576-4D5A-900B-A45CE4FA0E45}.Release|iPhone.Deploy.0 = Release|Any CPU
		{B1887F71-7576-4D5A-900B-A45CE4FA0E45}.Release|iPhoneSimulator.ActiveCfg = Release|Any CPU
		{B1887F71-7576-4D5A-900B-A45CE4FA0E45}.Release|iPhoneSimulator.Build.0 = Release|Any CPU
		{B1887F71-7576-4D5A-900B-A45CE4FA0E45}.Release|iPhoneSimulator.Deploy.0 = Release|Any CPU
	EndGlobalSection
	GlobalSection(SolutionProperties) = preSolution
		HideSolutionNode = FALSE
	EndGlobalSection
	GlobalSection(ExtensibilityGlobals) = postSolution
		SolutionGuid = {30373B18-BEA1-4B41-BB3E-620955F09F1C}
	EndGlobalSection
EndGlobal
